// !$*UTF8*$!
{
	archiveVersion = 1;
	classes = {
	};
	objectVersion = 50;
	objects = {

/* Begin PBXBuildFile section */
		D5891A1E2361BF6700CD5BDF /* AppDelegate.swift in Sources */ = {isa = PBXBuildFile; fileRef = D5891A1D2361BF6700CD5BDF /* AppDelegate.swift */; };
		D5891A202361BF6700CD5BDF /* SceneDelegate.swift in Sources */ = {isa = PBXBuildFile; fileRef = D5891A1F2361BF6700CD5BDF /* SceneDelegate.swift */; };
		D5891A222361BF6700CD5BDF /* ViewController.swift in Sources */ = {isa = PBXBuildFile; fileRef = D5891A212361BF6700CD5BDF /* ViewController.swift */; };
		D5891A252361BF6700CD5BDF /* Main.storyboard in Resources */ = {isa = PBXBuildFile; fileRef = D5891A232361BF6700CD5BDF /* Main.storyboard */; };
		D5891A272361BF6C00CD5BDF /* Assets.xcassets in Resources */ = {isa = PBXBuildFile; fileRef = D5891A262361BF6C00CD5BDF /* Assets.xcassets */; };
		D5891A2A2361BF6C00CD5BDF /* LaunchScreen.storyboard in Resources */ = {isa = PBXBuildFile; fileRef = D5891A282361BF6C00CD5BDF /* LaunchScreen.storyboard */; };
		D5891A322361C25F00CD5BDF /* TableViewCell.swift in Sources */ = {isa = PBXBuildFile; fileRef = D5891A312361C25F00CD5BDF /* TableViewCell.swift */; };
/* End PBXBuildFile section */

/* Begin PBXFileReference section */
		D5891A1A2361BF6600CD5BDF /* AnimationTableView.app */ = {isa = PBXFileReference; explicitFileType = wrapper.application; includeInIndex = 0; path = AnimationTableView.app; sourceTree = BUILT_PRODUCTS_DIR; };
		D5891A1D2361BF6700CD5BDF /* AppDelegate.swift */ = {isa = PBXFileReference; lastKnownFileType = sourcecode.swift; path = AppDelegate.swift; sourceTree = "<group>"; };
		D5891A1F2361BF6700CD5BDF /* SceneDelegate.swift */ = {isa = PBXFileReference; lastKnownFileType = sourcecode.swift; path = SceneDelegate.swift; sourceTree = "<group>"; };
		D5891A212361BF6700CD5BDF /* ViewController.swift */ = {isa = PBXFileReference; lastKnownFileType = sourcecode.swift; path = ViewController.swift; sourceTree = "<group>"; };
		D5891A242361BF6700CD5BDF /* Base */ = {isa = PBXFileReference; lastKnownFileType = file.storyboard; name = Base; path = Base.lproj/Main.storyboard; sourceTree = "<group>"; };
		D5891A262361BF6C00CD5BDF /* Assets.xcassets */ = {isa = PBXFileReference; lastKnownFileType = folder.assetcatalog; path = Assets.xcassets; sourceTree = "<group>"; };
		D5891A292361BF6C00CD5BDF /* Base */ = {isa = PBXFileReference; lastKnownFileType = file.storyboard; name = Base; path = Base.lproj/LaunchScreen.storyboard; sourceTree = "<group>"; };
		D5891A2B2361BF6C00CD5BDF /* Info.plist */ = {isa = PBXFileReference; lastKnownFileType = text.plist.xml; path = Info.plist; sourceTree = "<group>"; };
		D5891A312361C25F00CD5BDF /* TableViewCell.swift */ = {isa = PBXFileReference; lastKnownFileType = sourcecode.swift; path = TableViewCell.swift; sourceTree = "<group>"; };
/* End PBXFileReference section */

/* Begin PBXFrameworksBuildPhase section */
		D5891A172361BF6600CD5BDF /* Frameworks */ = {
			isa = PBXFrameworksBuildPhase;
			buildActionMask = 2147483647;
			files = (
			);
			runOnlyForDeploymentPostprocessing = 0;
		};
/* End PBXFrameworksBuildPhase section */

/* Begin PBXGroup section */
		D5891A112361BF6600CD5BDF = {
			isa = PBXGroup;
			children = (
				D5891A1C2361BF6700CD5BDF /* AnimationTableView */,
				D5891A1B2361BF6600CD5BDF /* Products */,
			);
			sourceTree = "<group>";
		};
		D5891A1B2361BF6600CD5BDF /* Products */ = {
			isa = PBXGroup;
			children = (
				D5891A1A2361BF6600CD5BDF /* AnimationTableView.app */,
			);
			name = Products;
			sourceTree = "<group>";
		};
		D5891A1C2361BF6700CD5BDF /* AnimationTableView */ = {
			isa = PBXGroup;
			children = (
				D5891A1D2361BF6700CD5BDF /* AppDelegate.swift */,
				D5891A1F2361BF6700CD5BDF /* SceneDelegate.swift */,
				D5891A212361BF6700CD5BDF /* ViewController.swift */,
				D5891A232361BF6700CD5BDF /* Main.storyboard */,
				D5891A262361BF6C00CD5BDF /* Assets.xcassets */,
				D5891A282361BF6C00CD5BDF /* LaunchScreen.storyboard */,
				D5891A2B2361BF6C00CD5BDF /* Info.plist */,
				D5891A312361C25F00CD5BDF /* TableViewCell.swift */,
			);
			path = AnimationTableView;
			sourceTree = "<group>";
		};
/* End PBXGroup section */

/* Begin PBXNativeTarget section */
		D5891A192361BF6600CD5BDF /* AnimationTableView */ = {
			isa = PBXNativeTarget;
			buildConfigurationList = D5891A2E2361BF6C00CD5BDF /* Build configuration list for PBXNativeTarget "AnimationTableView" */;
			buildPhases = (
				D5891A162361BF6600CD5BDF /* Sources */,
				D5891A172361BF6600CD5BDF /* Frameworks */,
				D5891A182361BF6600CD5BDF /* Resources */,
			);
			buildRules = (
			);
			dependencies = (
			);
			name = AnimationTableView;
			productName = AnimationTableView;
			productReference = D5891A1A2361BF6600CD5BDF /* AnimationTableView.app */;
			productType = "com.apple.product-type.application";
		};
/* End PBXNativeTarget section */

/* Begin PBXProject section */
		D5891A122361BF6600CD5BDF /* Project object */ = {
			isa = PBXProject;
			attributes = {
				LastSwiftUpdateCheck = 1110;
				LastUpgradeCheck = 1110;
				ORGANIZATIONNAME = "Shailesh Prabhudesai";
				TargetAttributes = {
					D5891A192361BF6600CD5BDF = {
						CreatedOnToolsVersion = 11.1;
					};
				};
			};
			buildConfigurationList = D5891A152361BF6600CD5BDF /* Build configuration list for PBXProject "AnimationTableView" */;
			compatibilityVersion = "Xcode 9.3";
			developmentRegion = en;
			hasScannedForEncodings = 0;
			knownRegions = (
				en,
				Base,
			);
			mainGroup = D5891A112361BF6600CD5BDF;
			productRefGroup = D5891A1B2361BF6600CD5BDF /* Products */;
			projectDirPath = "";
			projectRoot = "";
			targets = (
				D5891A192361BF6600CD5BDF /* AnimationTableView */,
			);
		};
/* End PBXProject section */

/* Begin PBXResourcesBuildPhase section */
		D5891A182361BF6600CD5BDF /* Resources */ = {
			isa = PBXResourcesBuildPhase;
			buildActionMask = 2147483647;
			files = (
				D5891A2A2361BF6C00CD5BDF /* LaunchScreen.storyboard in Resources */,
				D5891A272361BF6C00CD5BDF /* Assets.xcassets in Resources */,
				D5891A252361BF6700CD5BDF /* Main.storyboard in Resources */,
			);
			runOnlyForDeploymentPostprocessing = 0;
		};
/* End PBXResourcesBuildPhase section */

/* Begin PBXSourcesBuildPhase section */
		D5891A162361BF6600CD5BDF /* Sources */ = {
			isa = PBXSourcesBuildPhase;
			buildActionMask = 2147483647;
			files = (
				D5891A222361BF6700CD5BDF /* ViewController.swift in Sources */,
				D5891A322361C25F00CD5BDF /* TableViewCell.swift in Sources */,
				D5891A1E2361BF6700CD5BDF /* AppDelegate.swift in Sources */,
				D5891A202361BF6700CD5BDF /* SceneDelegate.swift in Sources */,
			);
			runOnlyForDeploymentPostprocessing = 0;
		};
/* End PBXSourcesBuildPhase section */

/* Begin PBXVariantGroup section */
		D5891A232361BF6700CD5BDF /* Main.storyboard */ = {
			isa = PBXVariantGroup;
			children = (
				D5891A242361BF6700CD5BDF /* Base */,
			);
			name = Main.storyboard;
			sourceTree = "<group>";
		};
		D5891A282361BF6C00CD5BDF /* LaunchScreen.storyboard */ = {
			isa = PBXVariantGroup;
			children = (
				D5891A292361BF6C00CD5BDF /* Base */,
			);
			name = LaunchScreen.storyboard;
			sourceTree = "<group>";
		};
/* End PBXVariantGroup section */

/* Begin XCBuildConfiguration section */
		D5891A2C2361BF6C00CD5BDF /* Debug */ = {
			isa = XCBuildConfiguration;
			buildSettings = {
				ALWAYS_SEARCH_USER_PATHS = NO;
				CLANG_ANALYZER_NONNULL = YES;
				CLANG_ANALYZER_NUMBER_OBJECT_CONVERSION = YES_AGGRESSIVE;
				CLANG_CXX_LANGUAGE_STANDARD = "gnu++14";
				CLANG_CXX_LIBRARY = "libc++";
				CLANG_ENABLE_MODULES = YES;
				CLANG_ENABLE_OBJC_ARC = YES;
				CLANG_ENABLE_OBJC_WEAK = YES;
				CLANG_WARN_BLOCK_CAPTURE_AUTORELEASING = YES;
				CLANG_WARN_BOOL_CONVERSION = YES;
				CLANG_WARN_COMMA = YES;
				CLANG_WARN_CONSTANT_CONVERSION = YES;
				CLANG_WARN_DEPRECATED_OBJC_IMPLEMENTATIONS = YES;
				CLANG_WARN_DIRECT_OBJC_ISA_USAGE = YES_ERROR;
				CLANG_WARN_DOCUMENTATION_COMMENTS = YES;
				CLANG_WARN_EMPTY_BODY = YES;
				CLANG_WARN_ENUM_CONVERSION = YES;
				CLANG_WARN_INFINITE_RECURSION = YES;
				CLANG_WARN_INT_CONVERSION = YES;
				CLANG_WARN_NON_LITERAL_NULL_CONVERSION = YES;
				CLANG_WARN_OBJC_IMPLICIT_RETAIN_SELF = YES;
				CLANG_WARN_OBJC_LITERAL_CONVERSION = YES;
				CLANG_WARN_OBJC_ROOT_CLASS = YES_ERROR;
				CLANG_WARN_RANGE_LOOP_ANALYSIS = YES;
				CLANG_WARN_STRICT_PROTOTYPES = YES;
				CLANG_WARN_SUSPICIOUS_MOVE = YES;
				CLANG_WARN_UNGUARDED_AVAILABILITY = YES_AGGRESSIVE;
				CLANG_WARN_UNREACHABLE_CODE = YES;
				CLANG_WARN__DUPLICATE_METHOD_MATCH = YES;
				COPY_PHASE_STRIP = NO;
				DEBUG_INFORMATION_FORMAT = dwarf;
				ENABLE_STRICT_OBJC_MSGSEND = YES;
				ENABLE_TESTABILITY = YES;
				GCC_C_LANGUAGE_STANDARD = gnu11;
				GCC_DYNAMIC_NO_PIC = NO;
				GCC_NO_COMMON_BLOCKS = YES;
				GCC_OPTIMIZATION_LEVEL = 0;
				GCC_PREPROCESSOR_DEFINITIONS = (
					"DEBUG=1",
					"$(inherited)",
				);
				GCC_WARN_64_TO_32_BIT_CONVERSION = YES;
				GCC_WARN_ABOUT_RETURN_TYPE = YES_ERROR;
				GCC_WARN_UNDECLARED_SELECTOR = YES;
				GCC_WARN_UNINITIALIZED_AUTOS = YES_AGGRESSIVE;
				GCC_WARN_UNUSED_FUNCTION = YES;
				GCC_WARN_UNUSED_VARIABLE = YES;
				IPHONEOS_DEPLOYMENT_TARGET = 13.1;
				MTL_ENABLE_DEBUG_INFO = INCLUDE_SOURCE;
				MTL_FAST_MATH = YES;
				ONLY_ACTIVE_ARCH = YES;
				SDKROOT = iphoneos;
				SWIFT_ACTIVE_COMPILATION_CONDITIONS = DEBUG;
				SWIFT_OPTIMIZATION_LEVEL = "-Onone";
			};
			name = Debug;
		};
		D5891A2D2361BF6C00CD5BDF /* Release */ = {
			isa = XCBuildConfiguration;
			buildSettings = {
				ALWAYS_SEARCH_USER_PATHS = NO;
				CLANG_ANALYZER_NONNULL = YES;
				CLANG_ANALYZER_NUMBER_OBJECT_CONVERSION = YES_AGGRESSIVE;
				CLANG_CXX_LANGUAGE_STANDARD = "gnu++14";
				CLANG_CXX_LIBRARY = "libc++";
				CLANG_ENABLE_MODULES = YES;
				CLANG_ENABLE_OBJC_ARC = YES;
				CLANG_ENABLE_OBJC_WEAK = YES;
				CLANG_WARN_BLOCK_CAPTURE_AUTORELEASING = YES;
				CLANG_WARN_BOOL_CONVERSION = YES;
				CLANG_WARN_COMMA = YES;
				CLANG_WARN_CONSTANT_CONVERSION = YES;
				CLANG_WARN_DEPRECATED_OBJC_IMPLEMENTATIONS = YES;
				CLANG_WARN_DIRECT_OBJC_ISA_USAGE = YES_ERROR;
				CLANG_WARN_DOCUMENTATION_COMMENTS = YES;
				CLANG_WARN_EMPTY_BODY = YES;
				CLANG_WARN_ENUM_CONVERSION = YES;
				CLANG_WARN_INFINITE_RECURSION = YES;
				CLANG_WARN_INT_CONVERSION = YES;
				CLANG_WARN_NON_LITERAL_NULL_CONVERSION = YES;
				CLANG_WARN_OBJC_IMPLICIT_RETAIN_SELF = YES;
				CLANG_WARN_OBJC_LITERAL_CONVERSION = YES;
				CLANG_WARN_OBJC_ROOT_CLASS = YES_ERROR;
				CLANG_WARN_RANGE_LOOP_ANALYSIS = YES;
				CLANG_WARN_STRICT_PROTOTYPES = YES;
				CLANG_WARN_SUSPICIOUS_MOVE = YES;
				CLANG_WARN_UNGUARDED_AVAILABILITY = YES_AGGRESSIVE;
				CLANG_WARN_UNREACHABLE_CODE = YES;
				CLANG_WARN__DUPLICATE_METHOD_MATCH = YES;
				COPY_PHASE_STRIP = NO;
				DEBUG_INFORMATION_FORMAT = "dwarf-with-dsym";
				ENABLE_NS_ASSERTIONS = NO;
				ENABLE_STRICT_OBJC_MSGSEND = YES;
				GCC_C_LANGUAGE_STANDARD = gnu11;
				GCC_NO_COMMON_BLOCKS = YES;
				GCC_WARN_64_TO_32_BIT_CONVERSION = YES;
				GCC_WARN_ABOUT_RETURN_TYPE = YES_ERROR;
				GCC_WARN_UNDECLARED_SELECTOR = YES;
				GCC_WARN_UNINITIALIZED_AUTOS = YES_AGGRESSIVE;
				GCC_WARN_UNUSED_FUNCTION = YES;
				GCC_WARN_UNUSED_VARIABLE = YES;
				IPHONEOS_DEPLOYMENT_TARGET = 13.1;
				MTL_ENABLE_DEBUG_INFO = NO;
				MTL_FAST_MATH = YES;
				SDKROOT = iphoneos;
				SWIFT_COMPILATION_MODE = wholemodule;
				SWIFT_OPTIMIZATION_LEVEL = "-O";
				VALIDATE_PRODUCT = YES;
			};
			name = Release;
		};
		D5891A2F2361BF6C00CD5BDF /* Debug */ = {
			isa = XCBuildConfiguration;
			buildSettings = {
				ASSETCATALOG_COMPILER_APPICON_NAME = AppIcon;
				CODE_SIGN_STYLE = Automatic;
				DEVELOPMENT_TEAM = VVZ8HTQ5P3;
				INFOPLIST_FILE = AnimationTableView/Info.plist;
				LD_RUNPATH_SEARCH_PATHS = (
					"$(inherited)",
					"@executable_path/Frameworks",
				);
				PRODUCT_BUNDLE_IDENTIFIER = com.shailesh.AnimationTableView;
				PRODUCT_NAME = "$(TARGET_NAME)";
				SWIFT_VERSION = 5.0;
				TARGETED_DEVICE_FAMILY = "1,2";
			};
			name = Debug;
		};
		D5891A302361BF6C00CD5BDF /* Release */ = {
			isa = XCBuildConfiguration;
			buildSettings = {
				ASSETCATALOG_COMPILER_APPICON_NAME = AppIcon;
				CODE_SIGN_STYLE = Automatic;
				DEVELOPMENT_TEAM = VVZ8HTQ5P3;
				INFOPLIST_FILE = AnimationTableView/Info.plist;
				LD_RUNPATH_SEARCH_PATHS = (
					"$(inherited)",
					"@executable_path/Frameworks",
				);
				PRODUCT_BUNDLE_IDENTIFIER = com.shailesh.AnimationTableView;
				PRODUCT_NAME = "$(TARGET_NAME)";
				SWIFT_VERSION = 5.0;
				TARGETED_DEVICE_FAMILY = "1,2";
			};
			name = Release;
		};
/* End XCBuildConfiguration section */

/* Begin XCConfigurationList section */
		D5891A152361BF6600CD5BDF /* Build configuration list for PBXProject "AnimationTableView" */ = {
			isa = XCConfigurationList;
			buildConfigurations = (
				D5891A2C2361BF6C00CD5BDF /* Debug */,
				D5891A2D2361BF6C00CD5BDF /* Release */,
			);
			defaultConfigurationIsVisible = 0;
			defaultConfigurationName = Release;
		};
		D5891A2E2361BF6C00CD5BDF /* Build configuration list for PBXNativeTarget "AnimationTableView" */ = {
			isa = XCConfigurationList;
			buildConfigurations = (
				D5891A2F2361BF6C00CD5BDF /* Debug */,
				D5891A302361BF6C00CD5BDF /* Release */,
			);
			defaultConfigurationIsVisible = 0;
			defaultConfigurationName = Release;
		};
/* End XCConfigurationList section */
	};
	rootObject = D5891A122361BF6600CD5BDF /* Project object */;
}
